{
  "name": "burea",
  "version": "1.0.0",
  "lockfileVersion": 1,
  "requires": true,
  "dependencies": {
    "geneticalgorithm": {
      "version": "0.3.6",
      "resolved": "https://npm.bureasecure.com:4873/geneticalgorithm/-/geneticalgorithm-0.3.6.tgz",
      "integrity": "sha512-SGO/2OUchkbneUm+Ky2/RDCyqNGkPYR7qNP7FEJbufY69uHhzUy5hA5Xg+4jalEe9nnanJPXGrtx7PsuPUHlcA=="
    }
  }
}
